// !$*UTF8*$!
{
	archiveVersion = 1;
	classes = {
	};
	objectVersion = 46;
	objects = {

/* Begin PBXBuildFile section */
		D76A7B461A2F1CCB0091F3C6 /* main.cpp in Sources */ = {isa = PBXBuildFile; fileRef = D76A7B451A2F1CCB0091F3C6 /* main.cpp */; };
/* End PBXBuildFile section */

/* Begin PBXCopyFilesBuildPhase section */
		D76A7B401A2F1CCB0091F3C6 /* CopyFiles */ = {
			isa = PBXCopyFilesBuildPhase;
			buildActionMask = 2147483647;
			dstPath = /usr/share/man/man1/;
			dstSubfolderSpec = 0;
			files = (
			);
			runOnlyForDeploymentPostprocessing = 1;
		};
/* End PBXCopyFilesBuildPhase section */

/* Begin PBXFileReference section */
		D76A7B421A2F1CCB0091F3C6 /* 第二类斯特林数 */ = {isa = PBXFileReference; explicitFileType = "compiled.mach-o.executable"; includeInIndex = 0; path = "第二类斯特林数"; sourceTree = BUILT_PRODUCTS_DIR; };
		D76A7B451A2F1CCB0091F3C6 /* main.cpp */ = {isa = PBXFileReference; lastKnownFileType = sourcecode.cpp.cpp; path = main.cpp; sourceTree = "<group>"; };
/* End PBXFileReference section */

/* Begin PBXFrameworksBuildPhase section */
		D76A7B3F1A2F1CCB0091F3C6 /* Frameworks */ = {
			isa = PBXFrameworksBuildPhase;
			buildActionMask = 2147483647;
			files = (
			);
			runOnlyForDeploymentPostprocessing = 0;
		};
/* End PBXFrameworksBuildPhase section */

/* Begin PBXGroup section */
		D76A7B391A2F1CCB0091F3C6 = {
			isa = PBXGroup;
			children = (
				D76A7B441A2F1CCB0091F3C6 /* 第二类斯特林数 */,
				D76A7B431A2F1CCB0091F3C6 /* Products */,
			);
			sourceTree = "<group>";
		};
		D76A7B431A2F1CCB0091F3C6 /* Products */ = {
			isa = PBXGroup;
			children = (
				D76A7B421A2F1CCB0091F3C6 /* 第二类斯特林数 */,
			);
			name = Products;
			sourceTree = "<group>";
		};
		D76A7B441A2F1CCB0091F3C6 /* 第二类斯特林数 */ = {
			isa = PBXGroup;
			children = (
				D76A7B451A2F1CCB0091F3C6 /* main.cpp */,
			);
			path = "第二类斯特林数";
			sourceTree = "<group>";
		};
/* End PBXGroup section */

/* Begin PBXNativeTarget section */
		D76A7B411A2F1CCB0091F3C6 /* 第二类斯特林数 */ = {
			isa = PBXNativeTarget;
			buildConfigurationList = D76A7B491A2F1CCB0091F3C6 /* Build configuration list for PBXNativeTarget "第二类斯特林数" */;
			buildPhases = (
				D76A7B3E1A2F1CCB0091F3C6 /* Sources */,
				D76A7B3F1A2F1CCB0091F3C6 /* Frameworks */,
				D76A7B401A2F1CCB0091F3C6 /* CopyFiles */,
			);
			buildRules = (
			);
			dependencies = (
			);
			name = "第二类斯特林数";
			productName = "第二类斯特林数";
			productReference = D76A7B421A2F1CCB0091F3C6 /* 第二类斯特林数 */;
			productType = "com.apple.product-type.tool";
		};
/* End PBXNativeTarget section */

/* Begin PBXProject section */
		D76A7B3A1A2F1CCB0091F3C6 /* Project object */ = {
			isa = PBXProject;
			attributes = {
				LastUpgradeCheck = 0610;
				ORGANIZATIONNAME = huantwofat;
				TargetAttributes = {
					D76A7B411A2F1CCB0091F3C6 = {
						CreatedOnToolsVersion = 6.1;
					};
				};
			};
			buildConfigurationList = D76A7B3D1A2F1CCB0091F3C6 /* Build configuration list for PBXProject "第二类斯特林数" */;
			compatibilityVersion = "Xcode 3.2";
			developmentRegion = English;
			hasScannedForEncodings = 0;
			knownRegions = (
				en,
			);
			mainGroup = D76A7B391A2F1CCB0091F3C6;
			productRefGroup = D76A7B431A2F1CCB0091F3C6 /* Products */;
			projectDirPath = "";
			projectRoot = "";
			targets = (
				D76A7B411A2F1CCB0091F3C6 /* 第二类斯特林数 */,
			);
		};
/* End PBXProject section */

/* Begin PBXSourcesBuildPhase section */
		D76A7B3E1A2F1CCB0091F3C6 /* Sources */ = {
			isa = PBXSourcesBuildPhase;
			buildActionMask = 2147483647;
			files = (
				D76A7B461A2F1CCB0091F3C6 /* main.cpp in Sources */,
			);
			runOnlyForDeploymentPostprocessing = 0;
		};
/* End PBXSourcesBuildPhase section */

/* Begin XCBuildConfiguration section */
		D76A7B471A2F1CCB0091F3C6 /* Debug */ = {
			isa = XCBuildConfiguration;
			buildSettings = {
				ALWAYS_SEARCH_USER_PATHS = NO;
				CLANG_CXX_LANGUAGE_STANDARD = "gnu++0x";
				CLANG_CXX_LIBRARY = "libc++";
				CLANG_ENABLE_MODULES = YES;
				CLANG_ENABLE_OBJC_ARC = YES;
				CLANG_WARN_BOOL_CONVERSION = YES;
				CLANG_WARN_CONSTANT_CONVERSION = YES;
				CLANG_WARN_DIRECT_OBJC_ISA_USAGE = YES_ERROR;
				CLANG_WARN_EMPTY_BODY = YES;
				CLANG_WARN_ENUM_CONVERSION = YES;
				CLANG_WARN_INT_CONVERSION = YES;
				CLANG_WARN_OBJC_ROOT_CLASS = YES_ERROR;
				CLANG_WARN_UNREACHABLE_CODE = YES;
				CLANG_WARN__DUPLICATE_METHOD_MATCH = YES;
				COPY_PHASE_STRIP = NO;
				ENABLE_STRICT_OBJC_MSGSEND = YES;
				GCC_C_LANGUAGE_STANDARD = gnu99;
				GCC_DYNAMIC_NO_PIC = NO;
				GCC_OPTIMIZATION_LEVEL = 0;
				GCC_PREPROCESSOR_DEFINITIONS = (
					"DEBUG=1",
					"$(inherited)",
				);
				GCC_SYMBOLS_PRIVATE_EXTERN = NO;
				GCC_WARN_64_TO_32_BIT_CONVERSION = YES;
				GCC_WARN_ABOUT_RETURN_TYPE = YES_ERROR;
				GCC_WARN_UNDECLARED_SELECTOR = YES;
				GCC_WARN_UNINITIALIZED_AUTOS = YES_AGGRESSIVE;
				GCC_WARN_UNUSED_FUNCTION = YES;
				GCC_WARN_UNUSED_VARIABLE = YES;
				MACOSX_DEPLOYMENT_TARGET = 10.10;
				MTL_ENABLE_DEBUG_INFO = YES;
				ONLY_ACTIVE_ARCH = YES;
				SDKROOT = macosx;
			};
			name = Debug;
		};
		D76A7B481A2F1CCB0091F3C6 /* Release */ = {
			isa = XCBuildConfiguration;
			buildSettings = {
				ALWAYS_SEARCH_USER_PATHS = NO;
				CLANG_CXX_LANGUAGE_STANDARD = "gnu++0x";
				CLANG_CXX_LIBRARY = "libc++";
				CLANG_ENABLE_MODULES = YES;
				CLANG_ENABLE_OBJC_ARC = YES;
				CLANG_WARN_BOOL_CONVERSION = YES;
				CLANG_WARN_CONSTANT_CONVERSION = YES;
				CLANG_WARN_DIRECT_OBJC_ISA_USAGE = YES_ERROR;
				CLANG_WARN_EMPTY_BODY = YES;
				CLANG_WARN_ENUM_CONVERSION = YES;
				CLANG_WARN_INT_CONVERSION = YES;
				CLANG_WARN_OBJC_ROOT_CLASS = YES_ERROR;
				CLANG_WARN_UNREACHABLE_CODE = YES;
				CLANG_WARN__DUPLICATE_METHOD_MATCH = YES;
				COPY_PHASE_STRIP = YES;
				DEBUG_INFORMATION_FORMAT = "dwarf-with-dsym";
				ENABLE_NS_ASSERTIONS = NO;
				ENABLE_STRICT_OBJC_MSGSEND = YES;
				GCC_C_LANGUAGE_STANDARD = gnu99;
				GCC_WARN_64_TO_32_BIT_CONVERSION = YES;
				GCC_WARN_ABOUT_RETURN_TYPE = YES_ERROR;
				GCC_WARN_UNDECLARED_SELECTOR = YES;
				GCC_WARN_UNINITIALIZED_AUTOS = YES_AGGRESSIVE;
				GCC_WARN_UNUSED_FUNCTION = YES;
				GCC_WARN_UNUSED_VARIABLE = YES;
				MACOSX_DEPLOYMENT_TARGET = 10.10;
				MTL_ENABLE_DEBUG_INFO = NO;
				SDKROOT = macosx;
			};
			name = Release;
		};
		D76A7B4A1A2F1CCB0091F3C6 /* Debug */ = {
			isa = XCBuildConfiguration;
			buildSettings = {
				PRODUCT_NAME = "$(TARGET_NAME)";
			};
			name = Debug;
		};
		D76A7B4B1A2F1CCB0091F3C6 /* Release */ = {
			isa = XCBuildConfiguration;
			buildSettings = {
				PRODUCT_NAME = "$(TARGET_NAME)";
			};
			name = Release;
		};
/* End XCBuildConfiguration section */

/* Begin XCConfigurationList section */
		D76A7B3D1A2F1CCB0091F3C6 /* Build configuration list for PBXProject "第二类斯特林数" */ = {
			isa = XCConfigurationList;
			buildConfigurations = (
				D76A7B471A2F1CCB0091F3C6 /* Debug */,
				D76A7B481A2F1CCB0091F3C6 /* Release */,
			);
			defaultConfigurationIsVisible = 0;
			defaultConfigurationName = Release;
		};
		D76A7B491A2F1CCB0091F3C6 /* Build configuration list for PBXNativeTarget "第二类斯特林数" */ = {
			isa = XCConfigurationList;
			buildConfigurations = (
				D76A7B4A1A2F1CCB0091F3C6 /* Debug */,
				D76A7B4B1A2F1CCB0091F3C6 /* Release */,
			);
			defaultConfigurationIsVisible = 0;
		};
/* End XCConfigurationList section */
	};
	rootObject = D76A7B3A1A2F1CCB0091F3C6 /* Project object */;
}
