// !$*UTF8*$!
{
	archiveVersion = 1;
	classes = {
	};
	objectVersion = 46;
	objects = {

/* Begin PBXBuildFile section */
		D720B1581AC66081004ADDA5 /* main.cpp in Sources */ = {isa = PBXBuildFile; fileRef = D720B1571AC66081004ADDA5 /* main.cpp */; };
/* End PBXBuildFile section */

/* Begin PBXCopyFilesBuildPhase section */
		D720B1521AC66081004ADDA5 /* CopyFiles */ = {
			isa = PBXCopyFilesBuildPhase;
			buildActionMask = 2147483647;
			dstPath = /usr/share/man/man1/;
			dstSubfolderSpec = 0;
			files = (
			);
			runOnlyForDeploymentPostprocessing = 1;
		};
/* End PBXCopyFilesBuildPhase section */

/* Begin PBXFileReference section */
		D720B1541AC66081004ADDA5 /* KM算法模板（二分图的最大权匹配) */ = {isa = PBXFileReference; explicitFileType = "compiled.mach-o.executable"; includeInIndex = 0; path = "KM算法模板（二分图的最大权匹配)"; sourceTree = BUILT_PRODUCTS_DIR; };
		D720B1571AC66081004ADDA5 /* main.cpp */ = {isa = PBXFileReference; lastKnownFileType = sourcecode.cpp.cpp; path = main.cpp; sourceTree = "<group>"; };
/* End PBXFileReference section */

/* Begin PBXFrameworksBuildPhase section */
		D720B1511AC66081004ADDA5 /* Frameworks */ = {
			isa = PBXFrameworksBuildPhase;
			buildActionMask = 2147483647;
			files = (
			);
			runOnlyForDeploymentPostprocessing = 0;
		};
/* End PBXFrameworksBuildPhase section */

/* Begin PBXGroup section */
		D720B14B1AC66081004ADDA5 = {
			isa = PBXGroup;
			children = (
				D720B1561AC66081004ADDA5 /* KM算法模板（二分图的最大权匹配) */,
				D720B1551AC66081004ADDA5 /* Products */,
			);
			sourceTree = "<group>";
		};
		D720B1551AC66081004ADDA5 /* Products */ = {
			isa = PBXGroup;
			children = (
				D720B1541AC66081004ADDA5 /* KM算法模板（二分图的最大权匹配) */,
			);
			name = Products;
			sourceTree = "<group>";
		};
		D720B1561AC66081004ADDA5 /* KM算法模板（二分图的最大权匹配) */ = {
			isa = PBXGroup;
			children = (
				D720B1571AC66081004ADDA5 /* main.cpp */,
			);
			path = "KM算法模板（二分图的最大权匹配)";
			sourceTree = "<group>";
		};
/* End PBXGroup section */

/* Begin PBXNativeTarget section */
		D720B1531AC66081004ADDA5 /* KM算法模板（二分图的最大权匹配) */ = {
			isa = PBXNativeTarget;
			buildConfigurationList = D720B15B1AC66081004ADDA5 /* Build configuration list for PBXNativeTarget "KM算法模板（二分图的最大权匹配)" */;
			buildPhases = (
				D720B1501AC66081004ADDA5 /* Sources */,
				D720B1511AC66081004ADDA5 /* Frameworks */,
				D720B1521AC66081004ADDA5 /* CopyFiles */,
			);
			buildRules = (
			);
			dependencies = (
			);
			name = "KM算法模板（二分图的最大权匹配)";
			productName = "KM算法模板（二分图的最大权匹配)";
			productReference = D720B1541AC66081004ADDA5 /* KM算法模板（二分图的最大权匹配) */;
			productType = "com.apple.product-type.tool";
		};
/* End PBXNativeTarget section */

/* Begin PBXProject section */
		D720B14C1AC66081004ADDA5 /* Project object */ = {
			isa = PBXProject;
			attributes = {
				LastUpgradeCheck = 0620;
				ORGANIZATIONNAME = huantwofat;
				TargetAttributes = {
					D720B1531AC66081004ADDA5 = {
						CreatedOnToolsVersion = 6.2;
					};
				};
			};
			buildConfigurationList = D720B14F1AC66081004ADDA5 /* Build configuration list for PBXProject "KM算法模板（二分图的最大权匹配)" */;
			compatibilityVersion = "Xcode 3.2";
			developmentRegion = English;
			hasScannedForEncodings = 0;
			knownRegions = (
				en,
			);
			mainGroup = D720B14B1AC66081004ADDA5;
			productRefGroup = D720B1551AC66081004ADDA5 /* Products */;
			projectDirPath = "";
			projectRoot = "";
			targets = (
				D720B1531AC66081004ADDA5 /* KM算法模板（二分图的最大权匹配) */,
			);
		};
/* End PBXProject section */

/* Begin PBXSourcesBuildPhase section */
		D720B1501AC66081004ADDA5 /* Sources */ = {
			isa = PBXSourcesBuildPhase;
			buildActionMask = 2147483647;
			files = (
				D720B1581AC66081004ADDA5 /* main.cpp in Sources */,
			);
			runOnlyForDeploymentPostprocessing = 0;
		};
/* End PBXSourcesBuildPhase section */

/* Begin XCBuildConfiguration section */
		D720B1591AC66081004ADDA5 /* Debug */ = {
			isa = XCBuildConfiguration;
			buildSettings = {
				ALWAYS_SEARCH_USER_PATHS = NO;
				CLANG_CXX_LANGUAGE_STANDARD = "gnu++0x";
				CLANG_CXX_LIBRARY = "libc++";
				CLANG_ENABLE_MODULES = YES;
				CLANG_ENABLE_OBJC_ARC = YES;
				CLANG_WARN_BOOL_CONVERSION = YES;
				CLANG_WARN_CONSTANT_CONVERSION = YES;
				CLANG_WARN_DIRECT_OBJC_ISA_USAGE = YES_ERROR;
				CLANG_WARN_EMPTY_BODY = YES;
				CLANG_WARN_ENUM_CONVERSION = YES;
				CLANG_WARN_INT_CONVERSION = YES;
				CLANG_WARN_OBJC_ROOT_CLASS = YES_ERROR;
				CLANG_WARN_UNREACHABLE_CODE = YES;
				CLANG_WARN__DUPLICATE_METHOD_MATCH = YES;
				COPY_PHASE_STRIP = NO;
				ENABLE_STRICT_OBJC_MSGSEND = YES;
				GCC_C_LANGUAGE_STANDARD = gnu99;
				GCC_DYNAMIC_NO_PIC = NO;
				GCC_OPTIMIZATION_LEVEL = 0;
				GCC_PREPROCESSOR_DEFINITIONS = (
					"DEBUG=1",
					"$(inherited)",
				);
				GCC_SYMBOLS_PRIVATE_EXTERN = NO;
				GCC_WARN_64_TO_32_BIT_CONVERSION = YES;
				GCC_WARN_ABOUT_RETURN_TYPE = YES_ERROR;
				GCC_WARN_UNDECLARED_SELECTOR = YES;
				GCC_WARN_UNINITIALIZED_AUTOS = YES_AGGRESSIVE;
				GCC_WARN_UNUSED_FUNCTION = YES;
				GCC_WARN_UNUSED_VARIABLE = YES;
				MACOSX_DEPLOYMENT_TARGET = 10.10;
				MTL_ENABLE_DEBUG_INFO = YES;
				ONLY_ACTIVE_ARCH = YES;
				SDKROOT = macosx;
			};
			name = Debug;
		};
		D720B15A1AC66081004ADDA5 /* Release */ = {
			isa = XCBuildConfiguration;
			buildSettings = {
				ALWAYS_SEARCH_USER_PATHS = NO;
				CLANG_CXX_LANGUAGE_STANDARD = "gnu++0x";
				CLANG_CXX_LIBRARY = "libc++";
				CLANG_ENABLE_MODULES = YES;
				CLANG_ENABLE_OBJC_ARC = YES;
				CLANG_WARN_BOOL_CONVERSION = YES;
				CLANG_WARN_CONSTANT_CONVERSION = YES;
				CLANG_WARN_DIRECT_OBJC_ISA_USAGE = YES_ERROR;
				CLANG_WARN_EMPTY_BODY = YES;
				CLANG_WARN_ENUM_CONVERSION = YES;
				CLANG_WARN_INT_CONVERSION = YES;
				CLANG_WARN_OBJC_ROOT_CLASS = YES_ERROR;
				CLANG_WARN_UNREACHABLE_CODE = YES;
				CLANG_WARN__DUPLICATE_METHOD_MATCH = YES;
				COPY_PHASE_STRIP = NO;
				DEBUG_INFORMATION_FORMAT = "dwarf-with-dsym";
				ENABLE_NS_ASSERTIONS = NO;
				ENABLE_STRICT_OBJC_MSGSEND = YES;
				GCC_C_LANGUAGE_STANDARD = gnu99;
				GCC_WARN_64_TO_32_BIT_CONVERSION = YES;
				GCC_WARN_ABOUT_RETURN_TYPE = YES_ERROR;
				GCC_WARN_UNDECLARED_SELECTOR = YES;
				GCC_WARN_UNINITIALIZED_AUTOS = YES_AGGRESSIVE;
				GCC_WARN_UNUSED_FUNCTION = YES;
				GCC_WARN_UNUSED_VARIABLE = YES;
				MACOSX_DEPLOYMENT_TARGET = 10.10;
				MTL_ENABLE_DEBUG_INFO = NO;
				SDKROOT = macosx;
			};
			name = Release;
		};
		D720B15C1AC66081004ADDA5 /* Debug */ = {
			isa = XCBuildConfiguration;
			buildSettings = {
				PRODUCT_NAME = "$(TARGET_NAME)";
			};
			name = Debug;
		};
		D720B15D1AC66081004ADDA5 /* Release */ = {
			isa = XCBuildConfiguration;
			buildSettings = {
				PRODUCT_NAME = "$(TARGET_NAME)";
			};
			name = Release;
		};
/* End XCBuildConfiguration section */

/* Begin XCConfigurationList section */
		D720B14F1AC66081004ADDA5 /* Build configuration list for PBXProject "KM算法模板（二分图的最大权匹配)" */ = {
			isa = XCConfigurationList;
			buildConfigurations = (
				D720B1591AC66081004ADDA5 /* Debug */,
				D720B15A1AC66081004ADDA5 /* Release */,
			);
			defaultConfigurationIsVisible = 0;
			defaultConfigurationName = Release;
		};
		D720B15B1AC66081004ADDA5 /* Build configuration list for PBXNativeTarget "KM算法模板（二分图的最大权匹配)" */ = {
			isa = XCConfigurationList;
			buildConfigurations = (
				D720B15C1AC66081004ADDA5 /* Debug */,
				D720B15D1AC66081004ADDA5 /* Release */,
			);
			defaultConfigurationIsVisible = 0;
		};
/* End XCConfigurationList section */
	};
	rootObject = D720B14C1AC66081004ADDA5 /* Project object */;
}
