// !$*UTF8*$!
{
	archiveVersion = 1;
	classes = {
	};
	objectVersion = 46;
	objects = {

/* Begin PBXBuildFile section */
		D77B69651A8464EF00EA80A1 /* main.cpp in Sources */ = {isa = PBXBuildFile; fileRef = D77B69641A8464EF00EA80A1 /* main.cpp */; };
/* End PBXBuildFile section */

/* Begin PBXCopyFilesBuildPhase section */
		D77B695F1A8464EF00EA80A1 /* CopyFiles */ = {
			isa = PBXCopyFilesBuildPhase;
			buildActionMask = 2147483647;
			dstPath = /usr/share/man/man1/;
			dstSubfolderSpec = 0;
			files = (
			);
			runOnlyForDeploymentPostprocessing = 1;
		};
/* End PBXCopyFilesBuildPhase section */

/* Begin PBXFileReference section */
		D77B69611A8464EF00EA80A1 /* 无向图最小割store-wragner算法 */ = {isa = PBXFileReference; explicitFileType = "compiled.mach-o.executable"; includeInIndex = 0; path = "无向图最小割store-wragner算法"; sourceTree = BUILT_PRODUCTS_DIR; };
		D77B69641A8464EF00EA80A1 /* main.cpp */ = {isa = PBXFileReference; lastKnownFileType = sourcecode.cpp.cpp; path = main.cpp; sourceTree = "<group>"; };
/* End PBXFileReference section */

/* Begin PBXFrameworksBuildPhase section */
		D77B695E1A8464EF00EA80A1 /* Frameworks */ = {
			isa = PBXFrameworksBuildPhase;
			buildActionMask = 2147483647;
			files = (
			);
			runOnlyForDeploymentPostprocessing = 0;
		};
/* End PBXFrameworksBuildPhase section */

/* Begin PBXGroup section */
		D77B69581A8464EF00EA80A1 = {
			isa = PBXGroup;
			children = (
				D77B69631A8464EF00EA80A1 /* 无向图最小割store-wragner算法 */,
				D77B69621A8464EF00EA80A1 /* Products */,
			);
			sourceTree = "<group>";
		};
		D77B69621A8464EF00EA80A1 /* Products */ = {
			isa = PBXGroup;
			children = (
				D77B69611A8464EF00EA80A1 /* 无向图最小割store-wragner算法 */,
			);
			name = Products;
			sourceTree = "<group>";
		};
		D77B69631A8464EF00EA80A1 /* 无向图最小割store-wragner算法 */ = {
			isa = PBXGroup;
			children = (
				D77B69641A8464EF00EA80A1 /* main.cpp */,
			);
			path = "无向图最小割store-wragner算法";
			sourceTree = "<group>";
		};
/* End PBXGroup section */

/* Begin PBXNativeTarget section */
		D77B69601A8464EF00EA80A1 /* 无向图最小割store-wragner算法 */ = {
			isa = PBXNativeTarget;
			buildConfigurationList = D77B69681A8464EF00EA80A1 /* Build configuration list for PBXNativeTarget "无向图最小割store-wragner算法" */;
			buildPhases = (
				D77B695D1A8464EF00EA80A1 /* Sources */,
				D77B695E1A8464EF00EA80A1 /* Frameworks */,
				D77B695F1A8464EF00EA80A1 /* CopyFiles */,
			);
			buildRules = (
			);
			dependencies = (
			);
			name = "无向图最小割store-wragner算法";
			productName = "无向图最小割store-wragner算法";
			productReference = D77B69611A8464EF00EA80A1 /* 无向图最小割store-wragner算法 */;
			productType = "com.apple.product-type.tool";
		};
/* End PBXNativeTarget section */

/* Begin PBXProject section */
		D77B69591A8464EF00EA80A1 /* Project object */ = {
			isa = PBXProject;
			attributes = {
				LastUpgradeCheck = 0610;
				ORGANIZATIONNAME = huantwofat;
				TargetAttributes = {
					D77B69601A8464EF00EA80A1 = {
						CreatedOnToolsVersion = 6.1.1;
					};
				};
			};
			buildConfigurationList = D77B695C1A8464EF00EA80A1 /* Build configuration list for PBXProject "无向图最小割store-wragner算法" */;
			compatibilityVersion = "Xcode 3.2";
			developmentRegion = English;
			hasScannedForEncodings = 0;
			knownRegions = (
				en,
			);
			mainGroup = D77B69581A8464EF00EA80A1;
			productRefGroup = D77B69621A8464EF00EA80A1 /* Products */;
			projectDirPath = "";
			projectRoot = "";
			targets = (
				D77B69601A8464EF00EA80A1 /* 无向图最小割store-wragner算法 */,
			);
		};
/* End PBXProject section */

/* Begin PBXSourcesBuildPhase section */
		D77B695D1A8464EF00EA80A1 /* Sources */ = {
			isa = PBXSourcesBuildPhase;
			buildActionMask = 2147483647;
			files = (
				D77B69651A8464EF00EA80A1 /* main.cpp in Sources */,
			);
			runOnlyForDeploymentPostprocessing = 0;
		};
/* End PBXSourcesBuildPhase section */

/* Begin XCBuildConfiguration section */
		D77B69661A8464EF00EA80A1 /* Debug */ = {
			isa = XCBuildConfiguration;
			buildSettings = {
				ALWAYS_SEARCH_USER_PATHS = NO;
				CLANG_CXX_LANGUAGE_STANDARD = "gnu++0x";
				CLANG_CXX_LIBRARY = "libc++";
				CLANG_ENABLE_MODULES = YES;
				CLANG_ENABLE_OBJC_ARC = YES;
				CLANG_WARN_BOOL_CONVERSION = YES;
				CLANG_WARN_CONSTANT_CONVERSION = YES;
				CLANG_WARN_DIRECT_OBJC_ISA_USAGE = YES_ERROR;
				CLANG_WARN_EMPTY_BODY = YES;
				CLANG_WARN_ENUM_CONVERSION = YES;
				CLANG_WARN_INT_CONVERSION = YES;
				CLANG_WARN_OBJC_ROOT_CLASS = YES_ERROR;
				CLANG_WARN_UNREACHABLE_CODE = YES;
				CLANG_WARN__DUPLICATE_METHOD_MATCH = YES;
				COPY_PHASE_STRIP = NO;
				ENABLE_STRICT_OBJC_MSGSEND = YES;
				GCC_C_LANGUAGE_STANDARD = gnu99;
				GCC_DYNAMIC_NO_PIC = NO;
				GCC_OPTIMIZATION_LEVEL = 0;
				GCC_PREPROCESSOR_DEFINITIONS = (
					"DEBUG=1",
					"$(inherited)",
				);
				GCC_SYMBOLS_PRIVATE_EXTERN = NO;
				GCC_WARN_64_TO_32_BIT_CONVERSION = YES;
				GCC_WARN_ABOUT_RETURN_TYPE = YES_ERROR;
				GCC_WARN_UNDECLARED_SELECTOR = YES;
				GCC_WARN_UNINITIALIZED_AUTOS = YES_AGGRESSIVE;
				GCC_WARN_UNUSED_FUNCTION = YES;
				GCC_WARN_UNUSED_VARIABLE = YES;
				MACOSX_DEPLOYMENT_TARGET = 10.10;
				MTL_ENABLE_DEBUG_INFO = YES;
				ONLY_ACTIVE_ARCH = YES;
				SDKROOT = macosx;
			};
			name = Debug;
		};
		D77B69671A8464EF00EA80A1 /* Release */ = {
			isa = XCBuildConfiguration;
			buildSettings = {
				ALWAYS_SEARCH_USER_PATHS = NO;
				CLANG_CXX_LANGUAGE_STANDARD = "gnu++0x";
				CLANG_CXX_LIBRARY = "libc++";
				CLANG_ENABLE_MODULES = YES;
				CLANG_ENABLE_OBJC_ARC = YES;
				CLANG_WARN_BOOL_CONVERSION = YES;
				CLANG_WARN_CONSTANT_CONVERSION = YES;
				CLANG_WARN_DIRECT_OBJC_ISA_USAGE = YES_ERROR;
				CLANG_WARN_EMPTY_BODY = YES;
				CLANG_WARN_ENUM_CONVERSION = YES;
				CLANG_WARN_INT_CONVERSION = YES;
				CLANG_WARN_OBJC_ROOT_CLASS = YES_ERROR;
				CLANG_WARN_UNREACHABLE_CODE = YES;
				CLANG_WARN__DUPLICATE_METHOD_MATCH = YES;
				COPY_PHASE_STRIP = YES;
				DEBUG_INFORMATION_FORMAT = "dwarf-with-dsym";
				ENABLE_NS_ASSERTIONS = NO;
				ENABLE_STRICT_OBJC_MSGSEND = YES;
				GCC_C_LANGUAGE_STANDARD = gnu99;
				GCC_WARN_64_TO_32_BIT_CONVERSION = YES;
				GCC_WARN_ABOUT_RETURN_TYPE = YES_ERROR;
				GCC_WARN_UNDECLARED_SELECTOR = YES;
				GCC_WARN_UNINITIALIZED_AUTOS = YES_AGGRESSIVE;
				GCC_WARN_UNUSED_FUNCTION = YES;
				GCC_WARN_UNUSED_VARIABLE = YES;
				MACOSX_DEPLOYMENT_TARGET = 10.10;
				MTL_ENABLE_DEBUG_INFO = NO;
				SDKROOT = macosx;
			};
			name = Release;
		};
		D77B69691A8464EF00EA80A1 /* Debug */ = {
			isa = XCBuildConfiguration;
			buildSettings = {
				PRODUCT_NAME = "$(TARGET_NAME)";
			};
			name = Debug;
		};
		D77B696A1A8464EF00EA80A1 /* Release */ = {
			isa = XCBuildConfiguration;
			buildSettings = {
				PRODUCT_NAME = "$(TARGET_NAME)";
			};
			name = Release;
		};
/* End XCBuildConfiguration section */

/* Begin XCConfigurationList section */
		D77B695C1A8464EF00EA80A1 /* Build configuration list for PBXProject "无向图最小割store-wragner算法" */ = {
			isa = XCConfigurationList;
			buildConfigurations = (
				D77B69661A8464EF00EA80A1 /* Debug */,
				D77B69671A8464EF00EA80A1 /* Release */,
			);
			defaultConfigurationIsVisible = 0;
			defaultConfigurationName = Release;
		};
		D77B69681A8464EF00EA80A1 /* Build configuration list for PBXNativeTarget "无向图最小割store-wragner算法" */ = {
			isa = XCConfigurationList;
			buildConfigurations = (
				D77B69691A8464EF00EA80A1 /* Debug */,
				D77B696A1A8464EF00EA80A1 /* Release */,
			);
			defaultConfigurationIsVisible = 0;
		};
/* End XCConfigurationList section */
	};
	rootObject = D77B69591A8464EF00EA80A1 /* Project object */;
}
