<?xml version="1.0" encoding="UTF-8"?>
<Scheme
   LastUpgradeVersion = "0640"
   version = "1.3">
   <BuildAction
      parallelizeBuildables = "YES"
      buildImplicitDependencies = "YES">
      <BuildActionEntries>
         <BuildActionEntry
            buildForTesting = "YES"
            buildForRunning = "YES"
            buildForProfiling = "YES"
            buildForArchiving = "YES"
            buildForAnalyzing = "YES">
            <BuildableReference
               BuildableIdentifier = "primary"
               BlueprintIdentifier = "D7982B541B50E7E200480C45"
               BuildableName = "&#x5308;&#x7259;&#x5229;&#x7b97;&#x6cd5;"
               BlueprintName = "&#x5308;&#x7259;&#x5229;&#x7b97;&#x6cd5;"
               ReferencedContainer = "container:&#x5308;&#x7259;&#x5229;&#x7b97;&#x6cd5;.xcodeproj">
            </BuildableReference>
         </BuildActionEntry>
      </BuildActionEntries>
   </BuildAction>
   <TestAction
      selectedDebuggerIdentifier = "Xcode.DebuggerFoundation.Debugger.LLDB"
      selectedLauncherIdentifier = "Xcode.DebuggerFoundation.Launcher.LLDB"
      shouldUseLaunchSchemeArgsEnv = "YES"
      buildConfiguration = "Debug">
      <Testables>
      </Testables>
      <MacroExpansion>
         <BuildableReference
            BuildableIdentifier = "primary"
            BlueprintIdentifier = "D7982B541B50E7E200480C45"
            BuildableName = "&#x5308;&#x7259;&#x5229;&#x7b97;&#x6cd5;"
            BlueprintName = "&#x5308;&#x7259;&#x5229;&#x7b97;&#x6cd5;"
            ReferencedContainer = "container:&#x5308;&#x7259;&#x5229;&#x7b97;&#x6cd5;.xcodeproj">
         </BuildableReference>
      </MacroExpansion>
   </TestAction>
   <LaunchAction
      selectedDebuggerIdentifier = "Xcode.DebuggerFoundation.Debugger.LLDB"
      selectedLauncherIdentifier = "Xcode.DebuggerFoundation.Launcher.LLDB"
      launchStyle = "0"
      useCustomWorkingDirectory = "NO"
      buildConfiguration = "Debug"
      ignoresPersistentStateOnLaunch = "NO"
      debugDocumentVersioning = "YES"
      allowLocationSimulation = "YES">
      <BuildableProductRunnable
         runnableDebuggingMode = "0">
         <BuildableReference
            BuildableIdentifier = "primary"
            BlueprintIdentifier = "D7982B541B50E7E200480C45"
            BuildableName = "&#x5308;&#x7259;&#x5229;&#x7b97;&#x6cd5;"
            BlueprintName = "&#x5308;&#x7259;&#x5229;&#x7b97;&#x6cd5;"
            ReferencedContainer = "container:&#x5308;&#x7259;&#x5229;&#x7b97;&#x6cd5;.xcodeproj">
         </BuildableReference>
      </BuildableProductRunnable>
      <AdditionalOptions>
      </AdditionalOptions>
   </LaunchAction>
   <ProfileAction
      shouldUseLaunchSchemeArgsEnv = "YES"
      savedToolIdentifier = ""
      useCustomWorkingDirectory = "NO"
      buildConfiguration = "Release"
      debugDocumentVersioning = "YES">
      <BuildableProductRunnable
         runnableDebuggingMode = "0">
         <BuildableReference
            BuildableIdentifier = "primary"
            BlueprintIdentifier = "D7982B541B50E7E200480C45"
            BuildableName = "&#x5308;&#x7259;&#x5229;&#x7b97;&#x6cd5;"
            BlueprintName = "&#x5308;&#x7259;&#x5229;&#x7b97;&#x6cd5;"
            ReferencedContainer = "container:&#x5308;&#x7259;&#x5229;&#x7b97;&#x6cd5;.xcodeproj">
         </BuildableReference>
      </BuildableProductRunnable>
   </ProfileAction>
   <AnalyzeAction
      buildConfiguration = "Debug">
   </AnalyzeAction>
   <ArchiveAction
      buildConfiguration = "Release"
      revealArchiveInOrganizer = "YES">
   </ArchiveAction>
</Scheme>
