// !$*UTF8*$!
{
	archiveVersion = 1;
	classes = {
	};
	objectVersion = 46;
	objects = {

/* Begin PBXBuildFile section */
		D7C194841ADDF78D00E2B462 /* main.cpp in Sources */ = {isa = PBXBuildFile; fileRef = D7C194831ADDF78D00E2B462 /* main.cpp */; };
/* End PBXBuildFile section */

/* Begin PBXCopyFilesBuildPhase section */
		D7C1947E1ADDF78D00E2B462 /* CopyFiles */ = {
			isa = PBXCopyFilesBuildPhase;
			buildActionMask = 2147483647;
			dstPath = /usr/share/man/man1/;
			dstSubfolderSpec = 0;
			files = (
			);
			runOnlyForDeploymentPostprocessing = 1;
		};
/* End PBXCopyFilesBuildPhase section */

/* Begin PBXFileReference section */
		D7C194801ADDF78D00E2B462 /* 一堆石子成块减一的总操作数 */ = {isa = PBXFileReference; explicitFileType = "compiled.mach-o.executable"; includeInIndex = 0; path = "一堆石子成块减一的总操作数"; sourceTree = BUILT_PRODUCTS_DIR; };
		D7C194831ADDF78D00E2B462 /* main.cpp */ = {isa = PBXFileReference; lastKnownFileType = sourcecode.cpp.cpp; path = main.cpp; sourceTree = "<group>"; };
/* End PBXFileReference section */

/* Begin PBXFrameworksBuildPhase section */
		D7C1947D1ADDF78D00E2B462 /* Frameworks */ = {
			isa = PBXFrameworksBuildPhase;
			buildActionMask = 2147483647;
			files = (
			);
			runOnlyForDeploymentPostprocessing = 0;
		};
/* End PBXFrameworksBuildPhase section */

/* Begin PBXGroup section */
		D7C194771ADDF78D00E2B462 = {
			isa = PBXGroup;
			children = (
				D7C194821ADDF78D00E2B462 /* 一堆石子成块减一的总操作数 */,
				D7C194811ADDF78D00E2B462 /* Products */,
			);
			sourceTree = "<group>";
		};
		D7C194811ADDF78D00E2B462 /* Products */ = {
			isa = PBXGroup;
			children = (
				D7C194801ADDF78D00E2B462 /* 一堆石子成块减一的总操作数 */,
			);
			name = Products;
			sourceTree = "<group>";
		};
		D7C194821ADDF78D00E2B462 /* 一堆石子成块减一的总操作数 */ = {
			isa = PBXGroup;
			children = (
				D7C194831ADDF78D00E2B462 /* main.cpp */,
			);
			path = "一堆石子成块减一的总操作数";
			sourceTree = "<group>";
		};
/* End PBXGroup section */

/* Begin PBXNativeTarget section */
		D7C1947F1ADDF78D00E2B462 /* 一堆石子成块减一的总操作数 */ = {
			isa = PBXNativeTarget;
			buildConfigurationList = D7C194871ADDF78D00E2B462 /* Build configuration list for PBXNativeTarget "一堆石子成块减一的总操作数" */;
			buildPhases = (
				D7C1947C1ADDF78D00E2B462 /* Sources */,
				D7C1947D1ADDF78D00E2B462 /* Frameworks */,
				D7C1947E1ADDF78D00E2B462 /* CopyFiles */,
			);
			buildRules = (
			);
			dependencies = (
			);
			name = "一堆石子成块减一的总操作数";
			productName = "一堆石子成块减一的总操作数";
			productReference = D7C194801ADDF78D00E2B462 /* 一堆石子成块减一的总操作数 */;
			productType = "com.apple.product-type.tool";
		};
/* End PBXNativeTarget section */

/* Begin PBXProject section */
		D7C194781ADDF78D00E2B462 /* Project object */ = {
			isa = PBXProject;
			attributes = {
				LastUpgradeCheck = 0630;
				ORGANIZATIONNAME = huantwofat;
				TargetAttributes = {
					D7C1947F1ADDF78D00E2B462 = {
						CreatedOnToolsVersion = 6.3;
					};
				};
			};
			buildConfigurationList = D7C1947B1ADDF78D00E2B462 /* Build configuration list for PBXProject "一堆石子成块减一的总操作数" */;
			compatibilityVersion = "Xcode 3.2";
			developmentRegion = English;
			hasScannedForEncodings = 0;
			knownRegions = (
				en,
			);
			mainGroup = D7C194771ADDF78D00E2B462;
			productRefGroup = D7C194811ADDF78D00E2B462 /* Products */;
			projectDirPath = "";
			projectRoot = "";
			targets = (
				D7C1947F1ADDF78D00E2B462 /* 一堆石子成块减一的总操作数 */,
			);
		};
/* End PBXProject section */

/* Begin PBXSourcesBuildPhase section */
		D7C1947C1ADDF78D00E2B462 /* Sources */ = {
			isa = PBXSourcesBuildPhase;
			buildActionMask = 2147483647;
			files = (
				D7C194841ADDF78D00E2B462 /* main.cpp in Sources */,
			);
			runOnlyForDeploymentPostprocessing = 0;
		};
/* End PBXSourcesBuildPhase section */

/* Begin XCBuildConfiguration section */
		D7C194851ADDF78D00E2B462 /* Debug */ = {
			isa = XCBuildConfiguration;
			buildSettings = {
				ALWAYS_SEARCH_USER_PATHS = NO;
				CLANG_CXX_LANGUAGE_STANDARD = "gnu++0x";
				CLANG_CXX_LIBRARY = "libc++";
				CLANG_ENABLE_MODULES = YES;
				CLANG_ENABLE_OBJC_ARC = YES;
				CLANG_WARN_BOOL_CONVERSION = YES;
				CLANG_WARN_CONSTANT_CONVERSION = YES;
				CLANG_WARN_DIRECT_OBJC_ISA_USAGE = YES_ERROR;
				CLANG_WARN_EMPTY_BODY = YES;
				CLANG_WARN_ENUM_CONVERSION = YES;
				CLANG_WARN_INT_CONVERSION = YES;
				CLANG_WARN_OBJC_ROOT_CLASS = YES_ERROR;
				CLANG_WARN_UNREACHABLE_CODE = YES;
				CLANG_WARN__DUPLICATE_METHOD_MATCH = YES;
				COPY_PHASE_STRIP = NO;
				DEBUG_INFORMATION_FORMAT = dwarf;
				ENABLE_STRICT_OBJC_MSGSEND = YES;
				GCC_C_LANGUAGE_STANDARD = gnu99;
				GCC_DYNAMIC_NO_PIC = NO;
				GCC_NO_COMMON_BLOCKS = YES;
				GCC_OPTIMIZATION_LEVEL = 0;
				GCC_PREPROCESSOR_DEFINITIONS = (
					"DEBUG=1",
					"$(inherited)",
				);
				GCC_SYMBOLS_PRIVATE_EXTERN = NO;
				GCC_WARN_64_TO_32_BIT_CONVERSION = YES;
				GCC_WARN_ABOUT_RETURN_TYPE = YES_ERROR;
				GCC_WARN_UNDECLARED_SELECTOR = YES;
				GCC_WARN_UNINITIALIZED_AUTOS = YES_AGGRESSIVE;
				GCC_WARN_UNUSED_FUNCTION = YES;
				GCC_WARN_UNUSED_VARIABLE = YES;
				MACOSX_DEPLOYMENT_TARGET = 10.10;
				MTL_ENABLE_DEBUG_INFO = YES;
				ONLY_ACTIVE_ARCH = YES;
				SDKROOT = macosx;
			};
			name = Debug;
		};
		D7C194861ADDF78D00E2B462 /* Release */ = {
			isa = XCBuildConfiguration;
			buildSettings = {
				ALWAYS_SEARCH_USER_PATHS = NO;
				CLANG_CXX_LANGUAGE_STANDARD = "gnu++0x";
				CLANG_CXX_LIBRARY = "libc++";
				CLANG_ENABLE_MODULES = YES;
				CLANG_ENABLE_OBJC_ARC = YES;
				CLANG_WARN_BOOL_CONVERSION = YES;
				CLANG_WARN_CONSTANT_CONVERSION = YES;
				CLANG_WARN_DIRECT_OBJC_ISA_USAGE = YES_ERROR;
				CLANG_WARN_EMPTY_BODY = YES;
				CLANG_WARN_ENUM_CONVERSION = YES;
				CLANG_WARN_INT_CONVERSION = YES;
				CLANG_WARN_OBJC_ROOT_CLASS = YES_ERROR;
				CLANG_WARN_UNREACHABLE_CODE = YES;
				CLANG_WARN__DUPLICATE_METHOD_MATCH = YES;
				COPY_PHASE_STRIP = NO;
				DEBUG_INFORMATION_FORMAT = "dwarf-with-dsym";
				ENABLE_NS_ASSERTIONS = NO;
				ENABLE_STRICT_OBJC_MSGSEND = YES;
				GCC_C_LANGUAGE_STANDARD = gnu99;
				GCC_NO_COMMON_BLOCKS = YES;
				GCC_WARN_64_TO_32_BIT_CONVERSION = YES;
				GCC_WARN_ABOUT_RETURN_TYPE = YES_ERROR;
				GCC_WARN_UNDECLARED_SELECTOR = YES;
				GCC_WARN_UNINITIALIZED_AUTOS = YES_AGGRESSIVE;
				GCC_WARN_UNUSED_FUNCTION = YES;
				GCC_WARN_UNUSED_VARIABLE = YES;
				MACOSX_DEPLOYMENT_TARGET = 10.10;
				MTL_ENABLE_DEBUG_INFO = NO;
				SDKROOT = macosx;
			};
			name = Release;
		};
		D7C194881ADDF78D00E2B462 /* Debug */ = {
			isa = XCBuildConfiguration;
			buildSettings = {
				PRODUCT_NAME = "$(TARGET_NAME)";
			};
			name = Debug;
		};
		D7C194891ADDF78D00E2B462 /* Release */ = {
			isa = XCBuildConfiguration;
			buildSettings = {
				PRODUCT_NAME = "$(TARGET_NAME)";
			};
			name = Release;
		};
/* End XCBuildConfiguration section */

/* Begin XCConfigurationList section */
		D7C1947B1ADDF78D00E2B462 /* Build configuration list for PBXProject "一堆石子成块减一的总操作数" */ = {
			isa = XCConfigurationList;
			buildConfigurations = (
				D7C194851ADDF78D00E2B462 /* Debug */,
				D7C194861ADDF78D00E2B462 /* Release */,
			);
			defaultConfigurationIsVisible = 0;
			defaultConfigurationName = Release;
		};
		D7C194871ADDF78D00E2B462 /* Build configuration list for PBXNativeTarget "一堆石子成块减一的总操作数" */ = {
			isa = XCConfigurationList;
			buildConfigurations = (
				D7C194881ADDF78D00E2B462 /* Debug */,
				D7C194891ADDF78D00E2B462 /* Release */,
			);
			defaultConfigurationIsVisible = 0;
		};
/* End XCConfigurationList section */
	};
	rootObject = D7C194781ADDF78D00E2B462 /* Project object */;
}
